
Microsoft Visual Studio Solution File, Format Version 12.00
# Visual Studio 15
VisualStudioVersion = 15.0.28307.168
MinimumVisualStudioVersion = 10.0.40219.1
Project("{FAE04EC0-301F-11D3-BF4B-00C04F79EFBC}") = "AzureStorageTools", "AzureStorageTools\AzureStorageTools.csproj", "{F60F20B1-F9D7-4BCA-B704-BE60BB790316}"
EndProject
Project("{FAE04EC0-301F-11D3-BF4B-00C04F79EFBC}") = "ConsoleApplication1", "ConsoleApplication1\ConsoleApplication1.csproj", "{8783B61F-0881-4FC7-AB5D-6E926A4CA412}"
EndProject
Global
	GlobalSection(SolutionConfigurationPlatforms) = preSolution
		Debug|Any CPU = Debug|Any CPU
		Release|Any CPU = Release|Any CPU
	EndGlobalSection
	GlobalSection(ProjectConfigurationPlatforms) = postSolution
		{F60F20B1-F9D7-4BCA-B704-BE60BB790316}.Debug|Any CPU.ActiveCfg = Debug|Any CPU
		{F60F20B1-F9D7-4BCA-B704-BE60BB790316}.Debug|Any CPU.Build.0 = Debug|Any CPU
		{F60F20B1-F9D7-4BCA-B704-BE60BB790316}.Release|Any CPU.ActiveCfg = Release|Any CPU
		{F60F20B1-F9D7-4BCA-B704-BE60BB790316}.Release|Any CPU.Build.0 = Release|Any CPU
		{8783B61F-0881-4FC7-AB5D-6E926A4CA412}.Debug|Any CPU.ActiveCfg = Debug|Any CPU
		{8783B61F-0881-4FC7-AB5D-6E926A4CA412}.Debug|Any CPU.Build.0 = Debug|Any CPU
		{8783B61F-0881-4FC7-AB5D-6E926A4CA412}.Release|Any CPU.ActiveCfg = Release|Any CPU
		{8783B61F-0881-4FC7-AB5D-6E926A4CA412}.Release|Any CPU.Build.0 = Release|Any CPU
	EndGlobalSection
	GlobalSection(SolutionProperties) = preSolution
		HideSolutionNode = FALSE
	EndGlobalSection
	GlobalSection(ExtensibilityGlobals) = postSolution
		SolutionGuid = {16D871B5-63AF-444D-8CEF-103DEA10B26E}
	EndGlobalSection
EndGlobal
